
Microsoft Visual Studio Solution File, Format Version 12.00
# Visual Studio Version 17
VisualStudioVersion = 17.0.31903.59
MinimumVisualStudioVersion = 10.0.40219.1
Project("{FAE04EC0-301F-11D3-BF4B-00C04F79EFBC}") = "4-asp-mvc", "4-asp-mvc\4-asp-mvc.csproj", "{76CFCBD1-45BF-48EB-BA2C-FC21376F3D58}"
EndProject
Project("{FAE04EC0-301F-11D3-BF4B-00C04F79EFBC}") = "4-asp-mvc.Test", "4-asp-mvc.Test\4-asp-mvc.Test.csproj", "{A74746C6-34B0-44D0-9200-64F2BCD084FF}"
EndProject
Global
	GlobalSection(SolutionConfigurationPlatforms) = preSolution
		Debug|Any CPU = Debug|Any CPU
		Release|Any CPU = Release|Any CPU
	EndGlobalSection
	GlobalSection(SolutionProperties) = preSolution
		HideSolutionNode = FALSE
	EndGlobalSection
	GlobalSection(ProjectConfigurationPlatforms) = postSolution
		{76CFCBD1-45BF-48EB-BA2C-FC21376F3D58}.Debug|Any CPU.ActiveCfg = Debug|Any CPU
		{76CFCBD1-45BF-48EB-BA2C-FC21376F3D58}.Debug|Any CPU.Build.0 = Debug|Any CPU
		{76CFCBD1-45BF-48EB-BA2C-FC21376F3D58}.Release|Any CPU.ActiveCfg = Release|Any CPU
		{76CFCBD1-45BF-48EB-BA2C-FC21376F3D58}.Release|Any CPU.Build.0 = Release|Any CPU
		{A74746C6-34B0-44D0-9200-64F2BCD084FF}.Debug|Any CPU.ActiveCfg = Debug|Any CPU
		{A74746C6-34B0-44D0-9200-64F2BCD084FF}.Debug|Any CPU.Build.0 = Debug|Any CPU
		{A74746C6-34B0-44D0-9200-64F2BCD084FF}.Release|Any CPU.ActiveCfg = Release|Any CPU
		{A74746C6-34B0-44D0-9200-64F2BCD084FF}.Release|Any CPU.Build.0 = Release|Any CPU
	EndGlobalSection
EndGlobal
